
Microsoft Visual Studio Solution File, Format Version 12.00
# Visual Studio Version 17
VisualStudioVersion = 17.5.002.0
MinimumVisualStudioVersion = 10.0.40219.1
Project("{9A19103F-16F7-4668-BE54-9A1E7A4F7556}") = "FlapBird", "FlapBird\FlapBird.csproj", "{AD9B18ED-1AC1-4928-A0E4-DF70E4E5F612}"
EndProject
Global
	GlobalSection(SolutionConfigurationPlatforms) = preSolution
		Debug|Any CPU = Debug|Any CPU
		Release|Any CPU = Release|Any CPU
	EndGlobalSection
	GlobalSection(ProjectConfigurationPlatforms) = postSolution
		{AD9B18ED-1AC1-4928-A0E4-DF70E4E5F612}.Debug|Any CPU.ActiveCfg = Debug|Any CPU
		{AD9B18ED-1AC1-4928-A0E4-DF70E4E5F612}.Debug|Any CPU.Build.0 = Debug|Any CPU
		{AD9B18ED-1AC1-4928-A0E4-DF70E4E5F612}.Release|Any CPU.ActiveCfg = Release|Any CPU
		{AD9B18ED-1AC1-4928-A0E4-DF70E4E5F612}.Release|Any CPU.Build.0 = Release|Any CPU
	EndGlobalSection
	GlobalSection(SolutionProperties) = preSolution
		HideSolutionNode = FALSE
	EndGlobalSection
	GlobalSection(ExtensibilityGlobals) = postSolution
		SolutionGuid = {E47855B6-7FB8-4100-9C77-0D2DFC70E272}
	EndGlobalSection
EndGlobal
